
Microsoft Visual Studio Solution File, Format Version 12.00
# Visual Studio Version 17
VisualStudioVersion = 17.2.32526.322
MinimumVisualStudioVersion = 10.0.40219.1
Project("{FAE04EC0-301F-11D3-BF4B-00C04F79EFBC}") = "Banco", "Banco\Banco.csproj", "{AD06E64A-8BA2-4BE1-8195-B175949D5DDF}"
EndProject
Global
	GlobalSection(SolutionConfigurationPlatforms) = preSolution
		Debug|Any CPU = Debug|Any CPU
		Release|Any CPU = Release|Any CPU
	EndGlobalSection
	GlobalSection(ProjectConfigurationPlatforms) = postSolution
		{AD06E64A-8BA2-4BE1-8195-B175949D5DDF}.Debug|Any CPU.ActiveCfg = Debug|Any CPU
		{AD06E64A-8BA2-4BE1-8195-B175949D5DDF}.Debug|Any CPU.Build.0 = Debug|Any CPU
		{AD06E64A-8BA2-4BE1-8195-B175949D5DDF}.Release|Any CPU.ActiveCfg = Release|Any CPU
		{AD06E64A-8BA2-4BE1-8195-B175949D5DDF}.Release|Any CPU.Build.0 = Release|Any CPU
	EndGlobalSection
	GlobalSection(SolutionProperties) = preSolution
		HideSolutionNode = FALSE
	EndGlobalSection
	GlobalSection(ExtensibilityGlobals) = postSolution
		SolutionGuid = {4D2B7EDD-D312-41F1-BEFB-25F8ACFE8E89}
	EndGlobalSection
EndGlobal
